
Microsoft Visual Studio Solution File, Format Version 12.00
# Visual Studio Version 17
VisualStudioVersion = 17.14.36221.1 d17.14
MinimumVisualStudioVersion = 10.0.40219.1
Project("{FAE04EC0-301F-11D3-BF4B-00C04F79EFBC}") = "rimbreak", "rimbreak.csproj", "{6CECECFA-92D0-43CF-97D1-1C16ED233680}"
EndProject
Global
	GlobalSection(SolutionConfigurationPlatforms) = preSolution
		Debug|Any CPU = Debug|Any CPU
		Release|Any CPU = Release|Any CPU
	EndGlobalSection
	GlobalSection(ProjectConfigurationPlatforms) = postSolution
		{6CECECFA-92D0-43CF-97D1-1C16ED233680}.Debug|Any CPU.ActiveCfg = Debug|Any CPU
		{6CECECFA-92D0-43CF-97D1-1C16ED233680}.Debug|Any CPU.Build.0 = Debug|Any CPU
		{6CECECFA-92D0-43CF-97D1-1C16ED233680}.Release|Any CPU.ActiveCfg = Release|Any CPU
		{6CECECFA-92D0-43CF-97D1-1C16ED233680}.Release|Any CPU.Build.0 = Release|Any CPU
	EndGlobalSection
	GlobalSection(SolutionProperties) = preSolution
		HideSolutionNode = FALSE
	EndGlobalSection
	GlobalSection(ExtensibilityGlobals) = postSolution
		SolutionGuid = {0B1FFCD5-49C1-4594-AA66-BE5BBF3DE226}
	EndGlobalSection
EndGlobal
